
Microsoft Visual Studio Solution File, Format Version 12.00
# Visual Studio Version 16
VisualStudioVersion = 16.0.32002.261
MinimumVisualStudioVersion = 10.0.40219.1
Project("{FAE04EC0-301F-11D3-BF4B-00C04F79EFBC}") = "VideosAccessPoint", "VideosAccessPoint\VideosAccessPoint.csproj", "{B4854E64-6168-4C9B-9D25-D59B939DDD73}"
EndProject
Global
	GlobalSection(SolutionConfigurationPlatforms) = preSolution
		Debug|Any CPU = Debug|Any CPU
		Release|Any CPU = Release|Any CPU
	EndGlobalSection
	GlobalSection(ProjectConfigurationPlatforms) = postSolution
		{B4854E64-6168-4C9B-9D25-D59B939DDD73}.Debug|Any CPU.ActiveCfg = Debug|Any CPU
		{B4854E64-6168-4C9B-9D25-D59B939DDD73}.Debug|Any CPU.Build.0 = Debug|Any CPU
		{B4854E64-6168-4C9B-9D25-D59B939DDD73}.Release|Any CPU.ActiveCfg = Release|Any CPU
		{B4854E64-6168-4C9B-9D25-D59B939DDD73}.Release|Any CPU.Build.0 = Release|Any CPU
	EndGlobalSection
	GlobalSection(SolutionProperties) = preSolution
		HideSolutionNode = FALSE
	EndGlobalSection
	GlobalSection(ExtensibilityGlobals) = postSolution
		SolutionGuid = {D59B4F85-3394-4BAE-951E-83F0E104F4F7}
	EndGlobalSection
EndGlobal
